
Microsoft Visual Studio Solution File, Format Version 12.00
# Visual Studio 2012
Project("{FAE04EC0-301F-11D3-BF4B-00C04F79EFBC}") = "BusinessLayer", "BusinessLayer\BusinessLayer.csproj", "{AA1CE64A-4A92-426B-A6EC-08D4ADB4EF25}"
EndProject
Project("{FAE04EC0-301F-11D3-BF4B-00C04F79EFBC}") = "WebLayer", "WebLayer\WebLayer.csproj", "{45E2DCDB-C916-4C0F-92D0-E49CA728A812}"
EndProject
Project("{FAE04EC0-301F-11D3-BF4B-00C04F79EFBC}") = "WebService", "WebService\WebService.csproj", "{B4AB17B4-C3EE-4180-A682-09632B3A8EC2}"
EndProject
Global
	GlobalSection(SolutionConfigurationPlatforms) = preSolution
		Debug|Any CPU = Debug|Any CPU
		Release|Any CPU = Release|Any CPU
	EndGlobalSection
	GlobalSection(ProjectConfigurationPlatforms) = postSolution
		{AA1CE64A-4A92-426B-A6EC-08D4ADB4EF25}.Debug|Any CPU.ActiveCfg = Debug|Any CPU
		{AA1CE64A-4A92-426B-A6EC-08D4ADB4EF25}.Debug|Any CPU.Build.0 = Debug|Any CPU
		{AA1CE64A-4A92-426B-A6EC-08D4ADB4EF25}.Release|Any CPU.ActiveCfg = Release|Any CPU
		{AA1CE64A-4A92-426B-A6EC-08D4ADB4EF25}.Release|Any CPU.Build.0 = Release|Any CPU
		{45E2DCDB-C916-4C0F-92D0-E49CA728A812}.Debug|Any CPU.ActiveCfg = Debug|Any CPU
		{45E2DCDB-C916-4C0F-92D0-E49CA728A812}.Debug|Any CPU.Build.0 = Debug|Any CPU
		{45E2DCDB-C916-4C0F-92D0-E49CA728A812}.Release|Any CPU.ActiveCfg = Release|Any CPU
		{45E2DCDB-C916-4C0F-92D0-E49CA728A812}.Release|Any CPU.Build.0 = Release|Any CPU
		{B4AB17B4-C3EE-4180-A682-09632B3A8EC2}.Debug|Any CPU.ActiveCfg = Debug|Any CPU
		{B4AB17B4-C3EE-4180-A682-09632B3A8EC2}.Debug|Any CPU.Build.0 = Debug|Any CPU
		{B4AB17B4-C3EE-4180-A682-09632B3A8EC2}.Release|Any CPU.ActiveCfg = Release|Any CPU
		{B4AB17B4-C3EE-4180-A682-09632B3A8EC2}.Release|Any CPU.Build.0 = Release|Any CPU
	EndGlobalSection
	GlobalSection(SolutionProperties) = preSolution
		HideSolutionNode = FALSE
	EndGlobalSection
EndGlobal
